
Microsoft Visual Studio Solution File, Format Version 12.00
# Visual Studio Version 17
VisualStudioVersion = 17.9.34607.119
MinimumVisualStudioVersion = 10.0.40219.1
Project("{9A19103F-16F7-4668-BE54-9A1E7A4F7556}") = "TrainAiModel", "TrainAiModel\TrainAiModel.csproj", "{92505F7F-4D61-41A4-986C-2CA20BD76D18}"
EndProject
Project("{9A19103F-16F7-4668-BE54-9A1E7A4F7556}") = "AiModels", "AiModels\AiModels.csproj", "{5CB00B21-B3BA-4CE5-B33C-0F10D199F2A6}"
EndProject
Project("{9A19103F-16F7-4668-BE54-9A1E7A4F7556}") = "Utils", "Utils\Utils.csproj", "{213B9113-A372-4141-9064-0780784BD971}"
EndProject
Project("{9A19103F-16F7-4668-BE54-9A1E7A4F7556}") = "RunAiModel", "RunAiModel\RunAiModel.csproj", "{C1DE1347-766D-4760-B3D9-A11BC9A5F831}"
EndProject
Project("{9A19103F-16F7-4668-BE54-9A1E7A4F7556}") = "NativeOps", "NativeOps\NativeOps.csproj", "{0D12C8E5-B71D-494C-9E29-E6B315EA8E2B}"
EndProject
Global
	GlobalSection(SolutionConfigurationPlatforms) = preSolution
		Debug|Any CPU = Debug|Any CPU
		Debug|ARM = Debug|ARM
		Debug|ARM64 = Debug|ARM64
		Debug|x64 = Debug|x64
		Debug|x86 = Debug|x86
		Release|Any CPU = Release|Any CPU
		Release|ARM = Release|ARM
		Release|ARM64 = Release|ARM64
		Release|x64 = Release|x64
		Release|x86 = Release|x86
	EndGlobalSection
	GlobalSection(ProjectConfigurationPlatforms) = postSolution
		{92505F7F-4D61-41A4-986C-2CA20BD76D18}.Debug|Any CPU.ActiveCfg = Debug|Any CPU
		{92505F7F-4D61-41A4-986C-2CA20BD76D18}.Debug|Any CPU.Build.0 = Debug|Any CPU
		{92505F7F-4D61-41A4-986C-2CA20BD76D18}.Debug|ARM.ActiveCfg = Debug|Any CPU
		{92505F7F-4D61-41A4-986C-2CA20BD76D18}.Debug|ARM.Build.0 = Debug|Any CPU
		{92505F7F-4D61-41A4-986C-2CA20BD76D18}.Debug|ARM64.ActiveCfg = Debug|Any CPU
		{92505F7F-4D61-41A4-986C-2CA20BD76D18}.Debug|ARM64.Build.0 = Debug|Any CPU
		{92505F7F-4D61-41A4-986C-2CA20BD76D18}.Debug|x64.ActiveCfg = Debug|x64
		{92505F7F-4D61-41A4-986C-2CA20BD76D18}.Debug|x64.Build.0 = Debug|x64
		{92505F7F-4D61-41A4-986C-2CA20BD76D18}.Debug|x86.ActiveCfg = Debug|Any CPU
		{92505F7F-4D61-41A4-986C-2CA20BD76D18}.Debug|x86.Build.0 = Debug|Any CPU
		{92505F7F-4D61-41A4-986C-2CA20BD76D18}.Release|Any CPU.ActiveCfg = Release|x64
		{92505F7F-4D61-41A4-986C-2CA20BD76D18}.Release|Any CPU.Build.0 = Release|x64
		{92505F7F-4D61-41A4-986C-2CA20BD76D18}.Release|ARM.ActiveCfg = Release|Any CPU
		{92505F7F-4D61-41A4-986C-2CA20BD76D18}.Release|ARM.Build.0 = Release|Any CPU
		{92505F7F-4D61-41A4-986C-2CA20BD76D18}.Release|ARM64.ActiveCfg = Release|Any CPU
		{92505F7F-4D61-41A4-986C-2CA20BD76D18}.Release|ARM64.Build.0 = Release|Any CPU
		{92505F7F-4D61-41A4-986C-2CA20BD76D18}.Release|x64.ActiveCfg = Release|x64
		{92505F7F-4D61-41A4-986C-2CA20BD76D18}.Release|x64.Build.0 = Release|x64
		{92505F7F-4D61-41A4-986C-2CA20BD76D18}.Release|x86.ActiveCfg = Release|Any CPU
		{92505F7F-4D61-41A4-986C-2CA20BD76D18}.Release|x86.Build.0 = Release|Any CPU
		{5CB00B21-B3BA-4CE5-B33C-0F10D199F2A6}.Debug|Any CPU.ActiveCfg = Debug|Any CPU
		{5CB00B21-B3BA-4CE5-B33C-0F10D199F2A6}.Debug|Any CPU.Build.0 = Debug|Any CPU
		{5CB00B21-B3BA-4CE5-B33C-0F10D199F2A6}.Debug|ARM.ActiveCfg = Debug|Any CPU
		{5CB00B21-B3BA-4CE5-B33C-0F10D199F2A6}.Debug|ARM.Build.0 = Debug|Any CPU
		{5CB00B21-B3BA-4CE5-B33C-0F10D199F2A6}.Debug|ARM64.ActiveCfg = Debug|Any CPU
		{5CB00B21-B3BA-4CE5-B33C-0F10D199F2A6}.Debug|ARM64.Build.0 = Debug|Any CPU
		{5CB00B21-B3BA-4CE5-B33C-0F10D199F2A6}.Debug|x64.ActiveCfg = Debug|x64
		{5CB00B21-B3BA-4CE5-B33C-0F10D199F2A6}.Debug|x64.Build.0 = Debug|x64
		{5CB00B21-B3BA-4CE5-B33C-0F10D199F2A6}.Debug|x86.ActiveCfg = Debug|Any CPU
		{5CB00B21-B3BA-4CE5-B33C-0F10D199F2A6}.Debug|x86.Build.0 = Debug|Any CPU
		{5CB00B21-B3BA-4CE5-B33C-0F10D199F2A6}.Release|Any CPU.ActiveCfg = Release|x64
		{5CB00B21-B3BA-4CE5-B33C-0F10D199F2A6}.Release|Any CPU.Build.0 = Release|x64
		{5CB00B21-B3BA-4CE5-B33C-0F10D199F2A6}.Release|ARM.ActiveCfg = Release|Any CPU
		{5CB00B21-B3BA-4CE5-B33C-0F10D199F2A6}.Release|ARM.Build.0 = Release|Any CPU
		{5CB00B21-B3BA-4CE5-B33C-0F10D199F2A6}.Release|ARM64.ActiveCfg = Release|Any CPU
		{5CB00B21-B3BA-4CE5-B33C-0F10D199F2A6}.Release|ARM64.Build.0 = Release|Any CPU
		{5CB00B21-B3BA-4CE5-B33C-0F10D199F2A6}.Release|x64.ActiveCfg = Release|x64
		{5CB00B21-B3BA-4CE5-B33C-0F10D199F2A6}.Release|x64.Build.0 = Release|x64
		{5CB00B21-B3BA-4CE5-B33C-0F10D199F2A6}.Release|x86.ActiveCfg = Release|Any CPU
		{5CB00B21-B3BA-4CE5-B33C-0F10D199F2A6}.Release|x86.Build.0 = Release|Any CPU
		{213B9113-A372-4141-9064-0780784BD971}.Debug|Any CPU.ActiveCfg = Debug|Any CPU
		{213B9113-A372-4141-9064-0780784BD971}.Debug|Any CPU.Build.0 = Debug|Any CPU
		{213B9113-A372-4141-9064-0780784BD971}.Debug|ARM.ActiveCfg = Debug|Any CPU
		{213B9113-A372-4141-9064-0780784BD971}.Debug|ARM.Build.0 = Debug|Any CPU
		{213B9113-A372-4141-9064-0780784BD971}.Debug|ARM64.ActiveCfg = Debug|Any CPU
		{213B9113-A372-4141-9064-0780784BD971}.Debug|ARM64.Build.0 = Debug|Any CPU
		{213B9113-A372-4141-9064-0780784BD971}.Debug|x64.ActiveCfg = Debug|x64
		{213B9113-A372-4141-9064-0780784BD971}.Debug|x64.Build.0 = Debug|x64
		{213B9113-A372-4141-9064-0780784BD971}.Debug|x86.ActiveCfg = Debug|Any CPU
		{213B9113-A372-4141-9064-0780784BD971}.Debug|x86.Build.0 = Debug|Any CPU
		{213B9113-A372-4141-9064-0780784BD971}.Release|Any CPU.ActiveCfg = Release|x64
		{213B9113-A372-4141-9064-0780784BD971}.Release|Any CPU.Build.0 = Release|x64
		{213B9113-A372-4141-9064-0780784BD971}.Release|ARM.ActiveCfg = Release|Any CPU
		{213B9113-A372-4141-9064-0780784BD971}.Release|ARM.Build.0 = Release|Any CPU
		{213B9113-A372-4141-9064-0780784BD971}.Release|ARM64.ActiveCfg = Release|Any CPU
		{213B9113-A372-4141-9064-0780784BD971}.Release|ARM64.Build.0 = Release|Any CPU
		{213B9113-A372-4141-9064-0780784BD971}.Release|x64.ActiveCfg = Release|x64
		{213B9113-A372-4141-9064-0780784BD971}.Release|x64.Build.0 = Release|x64
		{213B9113-A372-4141-9064-0780784BD971}.Release|x86.ActiveCfg = Release|Any CPU
		{213B9113-A372-4141-9064-0780784BD971}.Release|x86.Build.0 = Release|Any CPU
		{C1DE1347-766D-4760-B3D9-A11BC9A5F831}.Debug|Any CPU.ActiveCfg = Debug|Any CPU
		{C1DE1347-766D-4760-B3D9-A11BC9A5F831}.Debug|Any CPU.Build.0 = Debug|Any CPU
		{C1DE1347-766D-4760-B3D9-A11BC9A5F831}.Debug|ARM.ActiveCfg = Debug|Any CPU
		{C1DE1347-766D-4760-B3D9-A11BC9A5F831}.Debug|ARM.Build.0 = Debug|Any CPU
		{C1DE1347-766D-4760-B3D9-A11BC9A5F831}.Debug|ARM64.ActiveCfg = Debug|Any CPU
		{C1DE1347-766D-4760-B3D9-A11BC9A5F831}.Debug|ARM64.Build.0 = Debug|Any CPU
		{C1DE1347-766D-4760-B3D9-A11BC9A5F831}.Debug|x64.ActiveCfg = Debug|x64
		{C1DE1347-766D-4760-B3D9-A11BC9A5F831}.Debug|x64.Build.0 = Debug|x64
		{C1DE1347-766D-4760-B3D9-A11BC9A5F831}.Debug|x86.ActiveCfg = Debug|Any CPU
		{C1DE1347-766D-4760-B3D9-A11BC9A5F831}.Debug|x86.Build.0 = Debug|Any CPU
		{C1DE1347-766D-4760-B3D9-A11BC9A5F831}.Release|Any CPU.ActiveCfg = Release|x64
		{C1DE1347-766D-4760-B3D9-A11BC9A5F831}.Release|Any CPU.Build.0 = Release|x64
		{C1DE1347-766D-4760-B3D9-A11BC9A5F831}.Release|ARM.ActiveCfg = Release|Any CPU
		{C1DE1347-766D-4760-B3D9-A11BC9A5F831}.Release|ARM.Build.0 = Release|Any CPU
		{C1DE1347-766D-4760-B3D9-A11BC9A5F831}.Release|ARM64.ActiveCfg = Release|Any CPU
		{C1DE1347-766D-4760-B3D9-A11BC9A5F831}.Release|ARM64.Build.0 = Release|Any CPU
		{C1DE1347-766D-4760-B3D9-A11BC9A5F831}.Release|x64.ActiveCfg = Release|x64
		{C1DE1347-766D-4760-B3D9-A11BC9A5F831}.Release|x64.Build.0 = Release|x64
		{C1DE1347-766D-4760-B3D9-A11BC9A5F831}.Release|x86.ActiveCfg = Release|Any CPU
		{C1DE1347-766D-4760-B3D9-A11BC9A5F831}.Release|x86.Build.0 = Release|Any CPU
		{0D12C8E5-B71D-494C-9E29-E6B315EA8E2B}.Debug|Any CPU.ActiveCfg = Debug|Any CPU
		{0D12C8E5-B71D-494C-9E29-E6B315EA8E2B}.Debug|Any CPU.Build.0 = Debug|Any CPU
		{0D12C8E5-B71D-494C-9E29-E6B315EA8E2B}.Debug|ARM.ActiveCfg = Debug|Any CPU
		{0D12C8E5-B71D-494C-9E29-E6B315EA8E2B}.Debug|ARM.Build.0 = Debug|Any CPU
		{0D12C8E5-B71D-494C-9E29-E6B315EA8E2B}.Debug|ARM64.ActiveCfg = Debug|Any CPU
		{0D12C8E5-B71D-494C-9E29-E6B315EA8E2B}.Debug|ARM64.Build.0 = Debug|Any CPU
		{0D12C8E5-B71D-494C-9E29-E6B315EA8E2B}.Debug|x64.ActiveCfg = Debug|Any CPU
		{0D12C8E5-B71D-494C-9E29-E6B315EA8E2B}.Debug|x64.Build.0 = Debug|Any CPU
		{0D12C8E5-B71D-494C-9E29-E6B315EA8E2B}.Debug|x86.ActiveCfg = Debug|Any CPU
		{0D12C8E5-B71D-494C-9E29-E6B315EA8E2B}.Debug|x86.Build.0 = Debug|Any CPU
		{0D12C8E5-B71D-494C-9E29-E6B315EA8E2B}.Release|Any CPU.ActiveCfg = Release|Any CPU
		{0D12C8E5-B71D-494C-9E29-E6B315EA8E2B}.Release|Any CPU.Build.0 = Release|Any CPU
		{0D12C8E5-B71D-494C-9E29-E6B315EA8E2B}.Release|ARM.ActiveCfg = Release|Any CPU
		{0D12C8E5-B71D-494C-9E29-E6B315EA8E2B}.Release|ARM.Build.0 = Release|Any CPU
		{0D12C8E5-B71D-494C-9E29-E6B315EA8E2B}.Release|ARM64.ActiveCfg = Release|Any CPU
		{0D12C8E5-B71D-494C-9E29-E6B315EA8E2B}.Release|ARM64.Build.0 = Release|Any CPU
		{0D12C8E5-B71D-494C-9E29-E6B315EA8E2B}.Release|x64.ActiveCfg = Release|Any CPU
		{0D12C8E5-B71D-494C-9E29-E6B315EA8E2B}.Release|x64.Build.0 = Release|Any CPU
		{0D12C8E5-B71D-494C-9E29-E6B315EA8E2B}.Release|x86.ActiveCfg = Release|Any CPU
		{0D12C8E5-B71D-494C-9E29-E6B315EA8E2B}.Release|x86.Build.0 = Release|Any CPU
	EndGlobalSection
	GlobalSection(SolutionProperties) = preSolution
		HideSolutionNode = FALSE
	EndGlobalSection
	GlobalSection(ExtensibilityGlobals) = postSolution
		SolutionGuid = {047727EB-D794-4CC5-994D-08A9523DAB6D}
	EndGlobalSection
EndGlobal
